// !$*UTF8*$!
{
	archiveVersion = 1;
	classes = {
	};
	objectVersion = 52;
	objects = {

/* Begin PBXBuildFile section */
		8657A40927EDFFFE00F7C7CD /* Kingfisher in Frameworks */ = {isa = PBXBuildFile; productRef = 8657A40827EDFFFE00F7C7CD /* Kingfisher */; };
		86605F5527E8FC120055D463 /* Slide.swift in Sources */ = {isa = PBXBuildFile; fileRef = 86605F5427E8FC120055D463 /* Slide.swift */; };
		86605F5C27E8FC800055D463 /* Slide.xib in Resources */ = {isa = PBXBuildFile; fileRef = 86605F5B27E8FC800055D463 /* Slide.xib */; };
		86807FAC27E773EF00F4C18D /* AppDelegate.swift in Sources */ = {isa = PBXBuildFile; fileRef = 86807FAB27E773EF00F4C18D /* AppDelegate.swift */; };
		86807FB027E773EF00F4C18D /* ViewController.swift in Sources */ = {isa = PBXBuildFile; fileRef = 86807FAF27E773EF00F4C18D /* ViewController.swift */; };
		86807FB327E773EF00F4C18D /* Main.storyboard in Resources */ = {isa = PBXBuildFile; fileRef = 86807FB127E773EF00F4C18D /* Main.storyboard */; };
		86807FB527E773F100F4C18D /* Assets.xcassets in Resources */ = {isa = PBXBuildFile; fileRef = 86807FB427E773F100F4C18D /* Assets.xcassets */; };
		86807FB827E773F100F4C18D /* LaunchScreen.storyboard in Resources */ = {isa = PBXBuildFile; fileRef = 86807FB627E773F100F4C18D /* LaunchScreen.storyboard */; };
		86807FC327E7868900F4C18D /* RocketElement.swift in Sources */ = {isa = PBXBuildFile; fileRef = 86807FC227E7868900F4C18D /* RocketElement.swift */; };
		86807FC627E786AF00F4C18D /* Diameter.swift in Sources */ = {isa = PBXBuildFile; fileRef = 86807FC527E786AF00F4C18D /* Diameter.swift */; };
		86807FC927E786DD00F4C18D /* Engines.swift in Sources */ = {isa = PBXBuildFile; fileRef = 86807FC827E786DD00F4C18D /* Engines.swift */; };
		86807FCC27E7872500F4C18D /* ISP.swift in Sources */ = {isa = PBXBuildFile; fileRef = 86807FCB27E7872500F4C18D /* ISP.swift */; };
		86807FCF27E7874500F4C18D /* Thrust.swift in Sources */ = {isa = PBXBuildFile; fileRef = 86807FCE27E7874500F4C18D /* Thrust.swift */; };
		86807FD227E7876400F4C18D /* FirstStage.swift in Sources */ = {isa = PBXBuildFile; fileRef = 86807FD127E7876400F4C18D /* FirstStage.swift */; };
		86807FD527E7879100F4C18D /* LandingLegs.swift in Sources */ = {isa = PBXBuildFile; fileRef = 86807FD427E7879100F4C18D /* LandingLegs.swift */; };
		86807FD827E787A500F4C18D /* Mass.swift in Sources */ = {isa = PBXBuildFile; fileRef = 86807FD727E787A500F4C18D /* Mass.swift */; };
		86807FDB27E787C200F4C18D /* PayloadWeight.swift in Sources */ = {isa = PBXBuildFile; fileRef = 86807FDA27E787C200F4C18D /* PayloadWeight.swift */; };
		86807FDE27E787E600F4C18D /* SecondStage.swift in Sources */ = {isa = PBXBuildFile; fileRef = 86807FDD27E787E600F4C18D /* SecondStage.swift */; };
		86807FE127E7881200F4C18D /* Payloads.swift in Sources */ = {isa = PBXBuildFile; fileRef = 86807FE027E7881200F4C18D /* Payloads.swift */; };
		86807FE427E7883900F4C18D /* CompositeFairing.swift in Sources */ = {isa = PBXBuildFile; fileRef = 86807FE327E7883900F4C18D /* CompositeFairing.swift */; };
		86F80C0C27EBAA2500F36EEE /* StartViewController.swift in Sources */ = {isa = PBXBuildFile; fileRef = 86F80C0B27EBAA2500F36EEE /* StartViewController.swift */; };
		86F80C0F27EBABAC00F36EEE /* NetworkManage.swift in Sources */ = {isa = PBXBuildFile; fileRef = 86F80C0E27EBABAC00F36EEE /* NetworkManage.swift */; };
/* End PBXBuildFile section */

/* Begin PBXFileReference section */
		86605F5427E8FC120055D463 /* Slide.swift */ = {isa = PBXFileReference; lastKnownFileType = sourcecode.swift; path = Slide.swift; sourceTree = "<group>"; };
		86605F5B27E8FC800055D463 /* Slide.xib */ = {isa = PBXFileReference; lastKnownFileType = file.xib; path = Slide.xib; sourceTree = "<group>"; };
		86807FA827E773EF00F4C18D /* SpaceXInfo.app */ = {isa = PBXFileReference; explicitFileType = wrapper.application; includeInIndex = 0; path = SpaceXInfo.app; sourceTree = BUILT_PRODUCTS_DIR; };
		86807FAB27E773EF00F4C18D /* AppDelegate.swift */ = {isa = PBXFileReference; lastKnownFileType = sourcecode.swift; path = AppDelegate.swift; sourceTree = "<group>"; };
		86807FAF27E773EF00F4C18D /* ViewController.swift */ = {isa = PBXFileReference; lastKnownFileType = sourcecode.swift; path = ViewController.swift; sourceTree = "<group>"; };
		86807FB227E773EF00F4C18D /* Base */ = {isa = PBXFileReference; lastKnownFileType = file.storyboard; name = Base; path = Base.lproj/Main.storyboard; sourceTree = "<group>"; };
		86807FB427E773F100F4C18D /* Assets.xcassets */ = {isa = PBXFileReference; lastKnownFileType = folder.assetcatalog; path = Assets.xcassets; sourceTree = "<group>"; };
		86807FB727E773F100F4C18D /* Base */ = {isa = PBXFileReference; lastKnownFileType = file.storyboard; name = Base; path = Base.lproj/LaunchScreen.storyboard; sourceTree = "<group>"; };
		86807FB927E773F100F4C18D /* Info.plist */ = {isa = PBXFileReference; lastKnownFileType = text.plist.xml; path = Info.plist; sourceTree = "<group>"; };
		86807FC227E7868900F4C18D /* RocketElement.swift */ = {isa = PBXFileReference; lastKnownFileType = sourcecode.swift; path = RocketElement.swift; sourceTree = "<group>"; };
		86807FC527E786AF00F4C18D /* Diameter.swift */ = {isa = PBXFileReference; lastKnownFileType = sourcecode.swift; path = Diameter.swift; sourceTree = "<group>"; };
		86807FC827E786DD00F4C18D /* Engines.swift */ = {isa = PBXFileReference; lastKnownFileType = sourcecode.swift; path = Engines.swift; sourceTree = "<group>"; };
		86807FCB27E7872500F4C18D /* ISP.swift */ = {isa = PBXFileReference; lastKnownFileType = sourcecode.swift; path = ISP.swift; sourceTree = "<group>"; };
		86807FCE27E7874500F4C18D /* Thrust.swift */ = {isa = PBXFileReference; lastKnownFileType = sourcecode.swift; path = Thrust.swift; sourceTree = "<group>"; };
		86807FD127E7876400F4C18D /* FirstStage.swift */ = {isa = PBXFileReference; lastKnownFileType = sourcecode.swift; path = FirstStage.swift; sourceTree = "<group>"; };
		86807FD427E7879100F4C18D /* LandingLegs.swift */ = {isa = PBXFileReference; lastKnownFileType = sourcecode.swift; path = LandingLegs.swift; sourceTree = "<group>"; };
		86807FD727E787A500F4C18D /* Mass.swift */ = {isa = PBXFileReference; lastKnownFileType = sourcecode.swift; path = Mass.swift; sourceTree = "<group>"; };
		86807FDA27E787C200F4C18D /* PayloadWeight.swift */ = {isa = PBXFileReference; lastKnownFileType = sourcecode.swift; path = PayloadWeight.swift; sourceTree = "<group>"; };
		86807FDD27E787E600F4C18D /* SecondStage.swift */ = {isa = PBXFileReference; lastKnownFileType = sourcecode.swift; path = SecondStage.swift; sourceTree = "<group>"; };
		86807FE027E7881200F4C18D /* Payloads.swift */ = {isa = PBXFileReference; lastKnownFileType = sourcecode.swift; path = Payloads.swift; sourceTree = "<group>"; };
		86807FE327E7883900F4C18D /* CompositeFairing.swift */ = {isa = PBXFileReference; lastKnownFileType = sourcecode.swift; path = CompositeFairing.swift; sourceTree = "<group>"; };
		86F80C0B27EBAA2500F36EEE /* StartViewController.swift */ = {isa = PBXFileReference; lastKnownFileType = sourcecode.swift; path = StartViewController.swift; sourceTree = "<group>"; };
		86F80C0E27EBABAC00F36EEE /* NetworkManage.swift */ = {isa = PBXFileReference; lastKnownFileType = sourcecode.swift; path = NetworkManage.swift; sourceTree = "<group>"; };
/* End PBXFileReference section */

/* Begin PBXFrameworksBuildPhase section */
		86807FA527E773EF00F4C18D /* Frameworks */ = {
			isa = PBXFrameworksBuildPhase;
			buildActionMask = 2147483647;
			files = (
				8657A40927EDFFFE00F7C7CD /* Kingfisher in Frameworks */,
			);
			runOnlyForDeploymentPostprocessing = 0;
		};
/* End PBXFrameworksBuildPhase section */

/* Begin PBXGroup section */
		86605F5327E8FBD90055D463 /* Views */ = {
			isa = PBXGroup;
			children = (
				86605F5427E8FC120055D463 /* Slide.swift */,
				86605F5B27E8FC800055D463 /* Slide.xib */,
			);
			path = Views;
			sourceTree = "<group>";
		};
		86807F9F27E773EF00F4C18D = {
			isa = PBXGroup;
			children = (
				86807FAA27E773EF00F4C18D /* SpaceXInfo */,
				86807FA927E773EF00F4C18D /* Products */,
			);
			sourceTree = "<group>";
		};
		86807FA927E773EF00F4C18D /* Products */ = {
			isa = PBXGroup;
			children = (
				86807FA827E773EF00F4C18D /* SpaceXInfo.app */,
			);
			name = Products;
			sourceTree = "<group>";
		};
		86807FAA27E773EF00F4C18D /* SpaceXInfo */ = {
			isa = PBXGroup;
			children = (
				86605F5327E8FBD90055D463 /* Views */,
				86807FAB27E773EF00F4C18D /* AppDelegate.swift */,
				86807FAF27E773EF00F4C18D /* ViewController.swift */,
				86807FC127E7859700F4C18D /* Models */,
				86807FB127E773EF00F4C18D /* Main.storyboard */,
				86807FB427E773F100F4C18D /* Assets.xcassets */,
				86F80C0B27EBAA2500F36EEE /* StartViewController.swift */,
				86F80C0E27EBABAC00F36EEE /* NetworkManage.swift */,
				86807FB627E773F100F4C18D /* LaunchScreen.storyboard */,
				86807FB927E773F100F4C18D /* Info.plist */,
			);
			path = SpaceXInfo;
			sourceTree = "<group>";
		};
		86807FC127E7859700F4C18D /* Models */ = {
			isa = PBXGroup;
			children = (
				86807FC227E7868900F4C18D /* RocketElement.swift */,
				86807FC527E786AF00F4C18D /* Diameter.swift */,
				86807FC827E786DD00F4C18D /* Engines.swift */,
				86807FCB27E7872500F4C18D /* ISP.swift */,
				86807FCE27E7874500F4C18D /* Thrust.swift */,
				86807FE327E7883900F4C18D /* CompositeFairing.swift */,
				86807FD127E7876400F4C18D /* FirstStage.swift */,
				86807FD427E7879100F4C18D /* LandingLegs.swift */,
				86807FE027E7881200F4C18D /* Payloads.swift */,
				86807FD727E787A500F4C18D /* Mass.swift */,
				86807FDA27E787C200F4C18D /* PayloadWeight.swift */,
				86807FDD27E787E600F4C18D /* SecondStage.swift */,
			);
			path = Models;
			sourceTree = "<group>";
		};
/* End PBXGroup section */

/* Begin PBXNativeTarget section */
		86807FA727E773EF00F4C18D /* SpaceXInfo */ = {
			isa = PBXNativeTarget;
			buildConfigurationList = 86807FBC27E773F100F4C18D /* Build configuration list for PBXNativeTarget "SpaceXInfo" */;
			buildPhases = (
				86807FA427E773EF00F4C18D /* Sources */,
				86807FA527E773EF00F4C18D /* Frameworks */,
				86807FA627E773EF00F4C18D /* Resources */,
			);
			buildRules = (
			);
			dependencies = (
			);
			name = SpaceXInfo;
			packageProductDependencies = (
				8657A40827EDFFFE00F7C7CD /* Kingfisher */,
			);
			productName = SpaceXInfo;
			productReference = 86807FA827E773EF00F4C18D /* SpaceXInfo.app */;
			productType = "com.apple.product-type.application";
		};
/* End PBXNativeTarget section */

/* Begin PBXProject section */
		86807FA027E773EF00F4C18D /* Project object */ = {
			isa = PBXProject;
			attributes = {
				LastSwiftUpdateCheck = 1230;
				LastUpgradeCheck = 1230;
				TargetAttributes = {
					86807FA727E773EF00F4C18D = {
						CreatedOnToolsVersion = 12.3;
					};
				};
			};
			buildConfigurationList = 86807FA327E773EF00F4C18D /* Build configuration list for PBXProject "SpaceXInfo" */;
			compatibilityVersion = "Xcode 9.3";
			developmentRegion = en;
			hasScannedForEncodings = 0;
			knownRegions = (
				en,
				Base,
			);
			mainGroup = 86807F9F27E773EF00F4C18D;
			packageReferences = (
				8657A40727EDFFFE00F7C7CD /* XCRemoteSwiftPackageReference "Kingfisher" */,
			);
			productRefGroup = 86807FA927E773EF00F4C18D /* Products */;
			projectDirPath = "";
			projectRoot = "";
			targets = (
				86807FA727E773EF00F4C18D /* SpaceXInfo */,
			);
		};
/* End PBXProject section */

/* Begin PBXResourcesBuildPhase section */
		86807FA627E773EF00F4C18D /* Resources */ = {
			isa = PBXResourcesBuildPhase;
			buildActionMask = 2147483647;
			files = (
				86807FB827E773F100F4C18D /* LaunchScreen.storyboard in Resources */,
				86807FB527E773F100F4C18D /* Assets.xcassets in Resources */,
				86807FB327E773EF00F4C18D /* Main.storyboard in Resources */,
				86605F5C27E8FC800055D463 /* Slide.xib in Resources */,
			);
			runOnlyForDeploymentPostprocessing = 0;
		};
/* End PBXResourcesBuildPhase section */

/* Begin PBXSourcesBuildPhase section */
		86807FA427E773EF00F4C18D /* Sources */ = {
			isa = PBXSourcesBuildPhase;
			buildActionMask = 2147483647;
			files = (
				86807FC327E7868900F4C18D /* RocketElement.swift in Sources */,
				86F80C0C27EBAA2500F36EEE /* StartViewController.swift in Sources */,
				86807FCF27E7874500F4C18D /* Thrust.swift in Sources */,
				86F80C0F27EBABAC00F36EEE /* NetworkManage.swift in Sources */,
				86807FB027E773EF00F4C18D /* ViewController.swift in Sources */,
				86807FC627E786AF00F4C18D /* Diameter.swift in Sources */,
				86807FE127E7881200F4C18D /* Payloads.swift in Sources */,
				86807FE427E7883900F4C18D /* CompositeFairing.swift in Sources */,
				86807FDB27E787C200F4C18D /* PayloadWeight.swift in Sources */,
				86605F5527E8FC120055D463 /* Slide.swift in Sources */,
				86807FD527E7879100F4C18D /* LandingLegs.swift in Sources */,
				86807FC927E786DD00F4C18D /* Engines.swift in Sources */,
				86807FCC27E7872500F4C18D /* ISP.swift in Sources */,
				86807FAC27E773EF00F4C18D /* AppDelegate.swift in Sources */,
				86807FD227E7876400F4C18D /* FirstStage.swift in Sources */,
				86807FD827E787A500F4C18D /* Mass.swift in Sources */,
				86807FDE27E787E600F4C18D /* SecondStage.swift in Sources */,
			);
			runOnlyForDeploymentPostprocessing = 0;
		};
/* End PBXSourcesBuildPhase section */

/* Begin PBXVariantGroup section */
		86807FB127E773EF00F4C18D /* Main.storyboard */ = {
			isa = PBXVariantGroup;
			children = (
				86807FB227E773EF00F4C18D /* Base */,
			);
			name = Main.storyboard;
			sourceTree = "<group>";
		};
		86807FB627E773F100F4C18D /* LaunchScreen.storyboard */ = {
			isa = PBXVariantGroup;
			children = (
				86807FB727E773F100F4C18D /* Base */,
			);
			name = LaunchScreen.storyboard;
			sourceTree = "<group>";
		};
/* End PBXVariantGroup section */

/* Begin XCBuildConfiguration section */
		86807FBA27E773F100F4C18D /* Debug */ = {
			isa = XCBuildConfiguration;
			buildSettings = {
				ALWAYS_SEARCH_USER_PATHS = NO;
				CLANG_ANALYZER_NONNULL = YES;
				CLANG_ANALYZER_NUMBER_OBJECT_CONVERSION = YES_AGGRESSIVE;
				CLANG_CXX_LANGUAGE_STANDARD = "gnu++14";
				CLANG_CXX_LIBRARY = "libc++";
				CLANG_ENABLE_MODULES = YES;
				CLANG_ENABLE_OBJC_ARC = YES;
				CLANG_ENABLE_OBJC_WEAK = YES;
				CLANG_WARN_BLOCK_CAPTURE_AUTORELEASING = YES;
				CLANG_WARN_BOOL_CONVERSION = YES;
				CLANG_WARN_COMMA = YES;
				CLANG_WARN_CONSTANT_CONVERSION = YES;
				CLANG_WARN_DEPRECATED_OBJC_IMPLEMENTATIONS = YES;
				CLANG_WARN_DIRECT_OBJC_ISA_USAGE = YES_ERROR;
				CLANG_WARN_DOCUMENTATION_COMMENTS = YES;
				CLANG_WARN_EMPTY_BODY = YES;
				CLANG_WARN_ENUM_CONVERSION = YES;
				CLANG_WARN_INFINITE_RECURSION = YES;
				CLANG_WARN_INT_CONVERSION = YES;
				CLANG_WARN_NON_LITERAL_NULL_CONVERSION = YES;
				CLANG_WARN_OBJC_IMPLICIT_RETAIN_SELF = YES;
				CLANG_WARN_OBJC_LITERAL_CONVERSION = YES;
				CLANG_WARN_OBJC_ROOT_CLASS = YES_ERROR;
				CLANG_WARN_QUOTED_INCLUDE_IN_FRAMEWORK_HEADER = YES;
				CLANG_WARN_RANGE_LOOP_ANALYSIS = YES;
				CLANG_WARN_STRICT_PROTOTYPES = YES;
				CLANG_WARN_SUSPICIOUS_MOVE = YES;
				CLANG_WARN_UNGUARDED_AVAILABILITY = YES_AGGRESSIVE;
				CLANG_WARN_UNREACHABLE_CODE = YES;
				CLANG_WARN__DUPLICATE_METHOD_MATCH = YES;
				COPY_PHASE_STRIP = NO;
				DEBUG_INFORMATION_FORMAT = dwarf;
				ENABLE_STRICT_OBJC_MSGSEND = YES;
				ENABLE_TESTABILITY = YES;
				GCC_C_LANGUAGE_STANDARD = gnu11;
				GCC_DYNAMIC_NO_PIC = NO;
				GCC_NO_COMMON_BLOCKS = YES;
				GCC_OPTIMIZATION_LEVEL = 0;
				GCC_PREPROCESSOR_DEFINITIONS = (
					"DEBUG=1",
					"$(inherited)",
				);
				GCC_WARN_64_TO_32_BIT_CONVERSION = YES;
				GCC_WARN_ABOUT_RETURN_TYPE = YES_ERROR;
				GCC_WARN_UNDECLARED_SELECTOR = YES;
				GCC_WARN_UNINITIALIZED_AUTOS = YES_AGGRESSIVE;
				GCC_WARN_UNUSED_FUNCTION = YES;
				GCC_WARN_UNUSED_VARIABLE = YES;
				IPHONEOS_DEPLOYMENT_TARGET = 14.3;
				MTL_ENABLE_DEBUG_INFO = INCLUDE_SOURCE;
				MTL_FAST_MATH = YES;
				ONLY_ACTIVE_ARCH = YES;
				SDKROOT = iphoneos;
				SWIFT_ACTIVE_COMPILATION_CONDITIONS = DEBUG;
				SWIFT_OPTIMIZATION_LEVEL = "-Onone";
			};
			name = Debug;
		};
		86807FBB27E773F100F4C18D /* Release */ = {
			isa = XCBuildConfiguration;
			buildSettings = {
				ALWAYS_SEARCH_USER_PATHS = NO;
				CLANG_ANALYZER_NONNULL = YES;
				CLANG_ANALYZER_NUMBER_OBJECT_CONVERSION = YES_AGGRESSIVE;
				CLANG_CXX_LANGUAGE_STANDARD = "gnu++14";
				CLANG_CXX_LIBRARY = "libc++";
				CLANG_ENABLE_MODULES = YES;
				CLANG_ENABLE_OBJC_ARC = YES;
				CLANG_ENABLE_OBJC_WEAK = YES;
				CLANG_WARN_BLOCK_CAPTURE_AUTORELEASING = YES;
				CLANG_WARN_BOOL_CONVERSION = YES;
				CLANG_WARN_COMMA = YES;
				CLANG_WARN_CONSTANT_CONVERSION = YES;
				CLANG_WARN_DEPRECATED_OBJC_IMPLEMENTATIONS = YES;
				CLANG_WARN_DIRECT_OBJC_ISA_USAGE = YES_ERROR;
				CLANG_WARN_DOCUMENTATION_COMMENTS = YES;
				CLANG_WARN_EMPTY_BODY = YES;
				CLANG_WARN_ENUM_CONVERSION = YES;
				CLANG_WARN_INFINITE_RECURSION = YES;
				CLANG_WARN_INT_CONVERSION = YES;
				CLANG_WARN_NON_LITERAL_NULL_CONVERSION = YES;
				CLANG_WARN_OBJC_IMPLICIT_RETAIN_SELF = YES;
				CLANG_WARN_OBJC_LITERAL_CONVERSION = YES;
				CLANG_WARN_OBJC_ROOT_CLASS = YES_ERROR;
				CLANG_WARN_QUOTED_INCLUDE_IN_FRAMEWORK_HEADER = YES;
				CLANG_WARN_RANGE_LOOP_ANALYSIS = YES;
				CLANG_WARN_STRICT_PROTOTYPES = YES;
				CLANG_WARN_SUSPICIOUS_MOVE = YES;
				CLANG_WARN_UNGUARDED_AVAILABILITY = YES_AGGRESSIVE;
				CLANG_WARN_UNREACHABLE_CODE = YES;
				CLANG_WARN__DUPLICATE_METHOD_MATCH = YES;
				COPY_PHASE_STRIP = NO;
				DEBUG_INFORMATION_FORMAT = "dwarf-with-dsym";
				ENABLE_NS_ASSERTIONS = NO;
				ENABLE_STRICT_OBJC_MSGSEND = YES;
				GCC_C_LANGUAGE_STANDARD = gnu11;
				GCC_NO_COMMON_BLOCKS = YES;
				GCC_WARN_64_TO_32_BIT_CONVERSION = YES;
				GCC_WARN_ABOUT_RETURN_TYPE = YES_ERROR;
				GCC_WARN_UNDECLARED_SELECTOR = YES;
				GCC_WARN_UNINITIALIZED_AUTOS = YES_AGGRESSIVE;
				GCC_WARN_UNUSED_FUNCTION = YES;
				GCC_WARN_UNUSED_VARIABLE = YES;
				IPHONEOS_DEPLOYMENT_TARGET = 14.3;
				MTL_ENABLE_DEBUG_INFO = NO;
				MTL_FAST_MATH = YES;
				SDKROOT = iphoneos;
				SWIFT_COMPILATION_MODE = wholemodule;
				SWIFT_OPTIMIZATION_LEVEL = "-O";
				VALIDATE_PRODUCT = YES;
			};
			name = Release;
		};
		86807FBD27E773F100F4C18D /* Debug */ = {
			isa = XCBuildConfiguration;
			buildSettings = {
				ASSETCATALOG_COMPILER_APPICON_NAME = AppIcon;
				ASSETCATALOG_COMPILER_GLOBAL_ACCENT_COLOR_NAME = AccentColor;
				CODE_SIGN_STYLE = Automatic;
				DEVELOPMENT_TEAM = BW7ZRU3WXD;
				INFOPLIST_FILE = SpaceXInfo/Info.plist;
				IPHONEOS_DEPLOYMENT_TARGET = 14.3;
				LD_RUNPATH_SEARCH_PATHS = (
					"$(inherited)",
					"@executable_path/Frameworks",
				);
				PRODUCT_BUNDLE_IDENTIFIER = com.vladvivaldi.SpaceXInfo;
				PRODUCT_NAME = "$(TARGET_NAME)";
				SWIFT_VERSION = 5.0;
				TARGETED_DEVICE_FAMILY = "1,2";
			};
			name = Debug;
		};
		86807FBE27E773F100F4C18D /* Release */ = {
			isa = XCBuildConfiguration;
			buildSettings = {
				ASSETCATALOG_COMPILER_APPICON_NAME = AppIcon;
				ASSETCATALOG_COMPILER_GLOBAL_ACCENT_COLOR_NAME = AccentColor;
				CODE_SIGN_STYLE = Automatic;
				DEVELOPMENT_TEAM = BW7ZRU3WXD;
				INFOPLIST_FILE = SpaceXInfo/Info.plist;
				IPHONEOS_DEPLOYMENT_TARGET = 14.3;
				LD_RUNPATH_SEARCH_PATHS = (
					"$(inherited)",
					"@executable_path/Frameworks",
				);
				PRODUCT_BUNDLE_IDENTIFIER = com.vladvivaldi.SpaceXInfo;
				PRODUCT_NAME = "$(TARGET_NAME)";
				SWIFT_VERSION = 5.0;
				TARGETED_DEVICE_FAMILY = "1,2";
			};
			name = Release;
		};
/* End XCBuildConfiguration section */

/* Begin XCConfigurationList section */
		86807FA327E773EF00F4C18D /* Build configuration list for PBXProject "SpaceXInfo" */ = {
			isa = XCConfigurationList;
			buildConfigurations = (
				86807FBA27E773F100F4C18D /* Debug */,
				86807FBB27E773F100F4C18D /* Release */,
			);
			defaultConfigurationIsVisible = 0;
			defaultConfigurationName = Release;
		};
		86807FBC27E773F100F4C18D /* Build configuration list for PBXNativeTarget "SpaceXInfo" */ = {
			isa = XCConfigurationList;
			buildConfigurations = (
				86807FBD27E773F100F4C18D /* Debug */,
				86807FBE27E773F100F4C18D /* Release */,
			);
			defaultConfigurationIsVisible = 0;
			defaultConfigurationName = Release;
		};
/* End XCConfigurationList section */

/* Begin XCRemoteSwiftPackageReference section */
		8657A40727EDFFFE00F7C7CD /* XCRemoteSwiftPackageReference "Kingfisher" */ = {
			isa = XCRemoteSwiftPackageReference;
			repositoryURL = "https://github.com/onevcat/Kingfisher.git";
			requirement = {
				kind = upToNextMajorVersion;
				minimumVersion = 7.2.0;
			};
		};
/* End XCRemoteSwiftPackageReference section */

/* Begin XCSwiftPackageProductDependency section */
		8657A40827EDFFFE00F7C7CD /* Kingfisher */ = {
			isa = XCSwiftPackageProductDependency;
			package = 8657A40727EDFFFE00F7C7CD /* XCRemoteSwiftPackageReference "Kingfisher" */;
			productName = Kingfisher;
		};
/* End XCSwiftPackageProductDependency section */
	};
	rootObject = 86807FA027E773EF00F4C18D /* Project object */;
}
